
Microsoft Visual Studio Solution File, Format Version 12.00
# Visual Studio Version 16
VisualStudioVersion = 16.0.29509.3
MinimumVisualStudioVersion = 10.0.40219.1
Project("{9A19103F-16F7-4668-BE54-9A1E7A4F7556}") = "AuthenticationSample", "AuthenticationSample\AuthenticationSample.csproj", "{0400CB28-6F89-4CCD-B2F9-4E41ACC929B9}"
EndProject
Project("{9A19103F-16F7-4668-BE54-9A1E7A4F7556}") = "PasswordHasher", "AuthenticationIdentity\PasswordHasher.csproj", "{7DB12491-A91B-45FD-97AE-9022A67559F9}"
EndProject
Global
	GlobalSection(SolutionConfigurationPlatforms) = preSolution
		Debug|Any CPU = Debug|Any CPU
		Release|Any CPU = Release|Any CPU
	EndGlobalSection
	GlobalSection(ProjectConfigurationPlatforms) = postSolution
		{0400CB28-6F89-4CCD-B2F9-4E41ACC929B9}.Debug|Any CPU.ActiveCfg = Debug|Any CPU
		{0400CB28-6F89-4CCD-B2F9-4E41ACC929B9}.Debug|Any CPU.Build.0 = Debug|Any CPU
		{0400CB28-6F89-4CCD-B2F9-4E41ACC929B9}.Release|Any CPU.ActiveCfg = Release|Any CPU
		{0400CB28-6F89-4CCD-B2F9-4E41ACC929B9}.Release|Any CPU.Build.0 = Release|Any CPU
		{7DB12491-A91B-45FD-97AE-9022A67559F9}.Debug|Any CPU.ActiveCfg = Debug|Any CPU
		{7DB12491-A91B-45FD-97AE-9022A67559F9}.Debug|Any CPU.Build.0 = Debug|Any CPU
		{7DB12491-A91B-45FD-97AE-9022A67559F9}.Release|Any CPU.ActiveCfg = Release|Any CPU
		{7DB12491-A91B-45FD-97AE-9022A67559F9}.Release|Any CPU.Build.0 = Release|Any CPU
	EndGlobalSection
	GlobalSection(SolutionProperties) = preSolution
		HideSolutionNode = FALSE
	EndGlobalSection
	GlobalSection(ExtensibilityGlobals) = postSolution
		SolutionGuid = {6138F54A-3205-4453-9B19-FE1B7F736E5C}
	EndGlobalSection
EndGlobal
